// !$*UTF8*$!
{
	archiveVersion = 1;
	classes = {
	};
	objectVersion = 50;
	objects = {

/* Begin PBXBuildFile section */
		36A622B824ADF65E00B22D1F /* AppDelegate.swift in Sources */ = {isa = PBXBuildFile; fileRef = 36A622B724ADF65E00B22D1F /* AppDelegate.swift */; };
		36A622BA24ADF65E00B22D1F /* SceneDelegate.swift in Sources */ = {isa = PBXBuildFile; fileRef = 36A622B924ADF65E00B22D1F /* SceneDelegate.swift */; };
		36A622C124ADF65F00B22D1F /* Assets.xcassets in Resources */ = {isa = PBXBuildFile; fileRef = 36A622C024ADF65F00B22D1F /* Assets.xcassets */; };
		36A622C424ADF65F00B22D1F /* LaunchScreen.storyboard in Resources */ = {isa = PBXBuildFile; fileRef = 36A622C224ADF65F00B22D1F /* LaunchScreen.storyboard */; };
		36A622CE24ADFA9400B22D1F /* NetworkClientProtocol.swift in Sources */ = {isa = PBXBuildFile; fileRef = 36A622CD24ADFA9400B22D1F /* NetworkClientProtocol.swift */; };
		36A622D024ADFB2D00B22D1F /* NetworkClient.swift in Sources */ = {isa = PBXBuildFile; fileRef = 36A622CF24ADFB2D00B22D1F /* NetworkClient.swift */; };
		36A622D824AE113C00B22D1F /* NewsTitlesViewController.swift in Sources */ = {isa = PBXBuildFile; fileRef = 36A622D724AE113C00B22D1F /* NewsTitlesViewController.swift */; };
		36A622DA24AE116300B22D1F /* NewsTitlesViewModel.swift in Sources */ = {isa = PBXBuildFile; fileRef = 36A622D924AE116300B22D1F /* NewsTitlesViewModel.swift */; };
		36A622DD24AE119100B22D1F /* NewsTitlesInteractorProtocol.swift in Sources */ = {isa = PBXBuildFile; fileRef = 36A622DC24AE119100B22D1F /* NewsTitlesInteractorProtocol.swift */; };
		36A622E024AE132C00B22D1F /* NewsTitle.swift in Sources */ = {isa = PBXBuildFile; fileRef = 36A622DF24AE132C00B22D1F /* NewsTitle.swift */; };
		36A622E224AE139E00B22D1F /* NewsTitlesSection.swift in Sources */ = {isa = PBXBuildFile; fileRef = 36A622E124AE139E00B22D1F /* NewsTitlesSection.swift */; };
		36A622E424AE14B500B22D1F /* NewsTitlesCell.swift in Sources */ = {isa = PBXBuildFile; fileRef = 36A622E324AE14B500B22D1F /* NewsTitlesCell.swift */; };
		36A622E624AE1F7800B22D1F /* NewsTitlesViewModelProtocol.swift in Sources */ = {isa = PBXBuildFile; fileRef = 36A622E524AE1F7800B22D1F /* NewsTitlesViewModelProtocol.swift */; };
		36A622E824AE21A900B22D1F /* NewsTitlesResponse.swift in Sources */ = {isa = PBXBuildFile; fileRef = 36A622E724AE21A900B22D1F /* NewsTitlesResponse.swift */; };
		36A622EA24AE22AF00B22D1F /* NewsTitlesInteractor.swift in Sources */ = {isa = PBXBuildFile; fileRef = 36A622E924AE22AF00B22D1F /* NewsTitlesInteractor.swift */; };
		36A622ED24AE2F9700B22D1F /* NewsTitlesViewFactory.swift in Sources */ = {isa = PBXBuildFile; fileRef = 36A622EC24AE2F9700B22D1F /* NewsTitlesViewFactory.swift */; };
		36A622F524AF289300B22D1F /* Error.swift in Sources */ = {isa = PBXBuildFile; fileRef = 36A622F424AF289300B22D1F /* Error.swift */; };
		36A622F724AF4CB700B22D1F /* LoadingView.swift in Sources */ = {isa = PBXBuildFile; fileRef = 36A622F624AF4CB700B22D1F /* LoadingView.swift */; };
/* End PBXBuildFile section */

/* Begin PBXFileReference section */
		36A622B424ADF65E00B22D1F /* Tinkoff News.app */ = {isa = PBXFileReference; explicitFileType = wrapper.application; includeInIndex = 0; path = "Tinkoff News.app"; sourceTree = BUILT_PRODUCTS_DIR; };
		36A622B724ADF65E00B22D1F /* AppDelegate.swift */ = {isa = PBXFileReference; lastKnownFileType = sourcecode.swift; path = AppDelegate.swift; sourceTree = "<group>"; };
		36A622B924ADF65E00B22D1F /* SceneDelegate.swift */ = {isa = PBXFileReference; lastKnownFileType = sourcecode.swift; path = SceneDelegate.swift; sourceTree = "<group>"; };
		36A622C024ADF65F00B22D1F /* Assets.xcassets */ = {isa = PBXFileReference; lastKnownFileType = folder.assetcatalog; path = Assets.xcassets; sourceTree = "<group>"; };
		36A622C324ADF65F00B22D1F /* Base */ = {isa = PBXFileReference; lastKnownFileType = file.storyboard; name = Base; path = Base.lproj/LaunchScreen.storyboard; sourceTree = "<group>"; };
		36A622C524ADF65F00B22D1F /* Info.plist */ = {isa = PBXFileReference; lastKnownFileType = text.plist.xml; path = Info.plist; sourceTree = "<group>"; };
		36A622CD24ADFA9400B22D1F /* NetworkClientProtocol.swift */ = {isa = PBXFileReference; lastKnownFileType = sourcecode.swift; path = NetworkClientProtocol.swift; sourceTree = "<group>"; };
		36A622CF24ADFB2D00B22D1F /* NetworkClient.swift */ = {isa = PBXFileReference; lastKnownFileType = sourcecode.swift; path = NetworkClient.swift; sourceTree = "<group>"; };
		36A622D724AE113C00B22D1F /* NewsTitlesViewController.swift */ = {isa = PBXFileReference; lastKnownFileType = sourcecode.swift; path = NewsTitlesViewController.swift; sourceTree = "<group>"; };
		36A622D924AE116300B22D1F /* NewsTitlesViewModel.swift */ = {isa = PBXFileReference; lastKnownFileType = sourcecode.swift; path = NewsTitlesViewModel.swift; sourceTree = "<group>"; };
		36A622DC24AE119100B22D1F /* NewsTitlesInteractorProtocol.swift */ = {isa = PBXFileReference; lastKnownFileType = sourcecode.swift; path = NewsTitlesInteractorProtocol.swift; sourceTree = "<group>"; };
		36A622DF24AE132C00B22D1F /* NewsTitle.swift */ = {isa = PBXFileReference; lastKnownFileType = sourcecode.swift; path = NewsTitle.swift; sourceTree = "<group>"; };
		36A622E124AE139E00B22D1F /* NewsTitlesSection.swift */ = {isa = PBXFileReference; lastKnownFileType = sourcecode.swift; path = NewsTitlesSection.swift; sourceTree = "<group>"; };
		36A622E324AE14B500B22D1F /* NewsTitlesCell.swift */ = {isa = PBXFileReference; lastKnownFileType = sourcecode.swift; path = NewsTitlesCell.swift; sourceTree = "<group>"; };
		36A622E524AE1F7800B22D1F /* NewsTitlesViewModelProtocol.swift */ = {isa = PBXFileReference; lastKnownFileType = sourcecode.swift; path = NewsTitlesViewModelProtocol.swift; sourceTree = "<group>"; };
		36A622E724AE21A900B22D1F /* NewsTitlesResponse.swift */ = {isa = PBXFileReference; lastKnownFileType = sourcecode.swift; path = NewsTitlesResponse.swift; sourceTree = "<group>"; };
		36A622E924AE22AF00B22D1F /* NewsTitlesInteractor.swift */ = {isa = PBXFileReference; lastKnownFileType = sourcecode.swift; path = NewsTitlesInteractor.swift; sourceTree = "<group>"; };
		36A622EC24AE2F9700B22D1F /* NewsTitlesViewFactory.swift */ = {isa = PBXFileReference; lastKnownFileType = sourcecode.swift; path = NewsTitlesViewFactory.swift; sourceTree = "<group>"; };
		36A622F424AF289300B22D1F /* Error.swift */ = {isa = PBXFileReference; lastKnownFileType = sourcecode.swift; path = Error.swift; sourceTree = "<group>"; };
		36A622F624AF4CB700B22D1F /* LoadingView.swift */ = {isa = PBXFileReference; lastKnownFileType = sourcecode.swift; path = LoadingView.swift; sourceTree = "<group>"; };
/* End PBXFileReference section */

/* Begin PBXFrameworksBuildPhase section */
		36A622B124ADF65E00B22D1F /* Frameworks */ = {
			isa = PBXFrameworksBuildPhase;
			buildActionMask = 2147483647;
			files = (
			);
			runOnlyForDeploymentPostprocessing = 0;
		};
/* End PBXFrameworksBuildPhase section */

/* Begin PBXGroup section */
		36A622AB24ADF65E00B22D1F = {
			isa = PBXGroup;
			children = (
				36A622B624ADF65E00B22D1F /* Tinkoff News */,
				36A622B524ADF65E00B22D1F /* Products */,
			);
			sourceTree = "<group>";
		};
		36A622B524ADF65E00B22D1F /* Products */ = {
			isa = PBXGroup;
			children = (
				36A622B424ADF65E00B22D1F /* Tinkoff News.app */,
			);
			name = Products;
			sourceTree = "<group>";
		};
		36A622B624ADF65E00B22D1F /* Tinkoff News */ = {
			isa = PBXGroup;
			children = (
				36A622F324AF288A00B22D1F /* Common */,
				36A622D424AE10FB00B22D1F /* NewsTitles */,
				36A622CC24ADFA5F00B22D1F /* NetworkClient */,
				36A622B724ADF65E00B22D1F /* AppDelegate.swift */,
				36A622B924ADF65E00B22D1F /* SceneDelegate.swift */,
				36A622C024ADF65F00B22D1F /* Assets.xcassets */,
				36A622C224ADF65F00B22D1F /* LaunchScreen.storyboard */,
				36A622C524ADF65F00B22D1F /* Info.plist */,
			);
			path = "Tinkoff News";
			sourceTree = "<group>";
		};
		36A622CC24ADFA5F00B22D1F /* NetworkClient */ = {
			isa = PBXGroup;
			children = (
				36A622CF24ADFB2D00B22D1F /* NetworkClient.swift */,
				36A622CD24ADFA9400B22D1F /* NetworkClientProtocol.swift */,
			);
			path = NetworkClient;
			sourceTree = "<group>";
		};
		36A622D424AE10FB00B22D1F /* NewsTitles */ = {
			isa = PBXGroup;
			children = (
				36A622EB24AE2F7E00B22D1F /* ViewFactory */,
				36A622DE24AE132100B22D1F /* Models */,
				36A622DB24AE118200B22D1F /* Interactor */,
				36A622D624AE111A00B22D1F /* ViewModel */,
				36A622D524AE110A00B22D1F /* Views */,
			);
			path = NewsTitles;
			sourceTree = "<group>";
		};
		36A622D524AE110A00B22D1F /* Views */ = {
			isa = PBXGroup;
			children = (
				36A622D724AE113C00B22D1F /* NewsTitlesViewController.swift */,
				36A622E324AE14B500B22D1F /* NewsTitlesCell.swift */,
			);
			path = Views;
			sourceTree = "<group>";
		};
		36A622D624AE111A00B22D1F /* ViewModel */ = {
			isa = PBXGroup;
			children = (
				36A622D924AE116300B22D1F /* NewsTitlesViewModel.swift */,
				36A622E524AE1F7800B22D1F /* NewsTitlesViewModelProtocol.swift */,
			);
			path = ViewModel;
			sourceTree = "<group>";
		};
		36A622DB24AE118200B22D1F /* Interactor */ = {
			isa = PBXGroup;
			children = (
				36A622DC24AE119100B22D1F /* NewsTitlesInteractorProtocol.swift */,
				36A622E924AE22AF00B22D1F /* NewsTitlesInteractor.swift */,
			);
			path = Interactor;
			sourceTree = "<group>";
		};
		36A622DE24AE132100B22D1F /* Models */ = {
			isa = PBXGroup;
			children = (
				36A622DF24AE132C00B22D1F /* NewsTitle.swift */,
				36A622E124AE139E00B22D1F /* NewsTitlesSection.swift */,
				36A622E724AE21A900B22D1F /* NewsTitlesResponse.swift */,
			);
			path = Models;
			sourceTree = "<group>";
		};
		36A622EB24AE2F7E00B22D1F /* ViewFactory */ = {
			isa = PBXGroup;
			children = (
				36A622EC24AE2F9700B22D1F /* NewsTitlesViewFactory.swift */,
			);
			path = ViewFactory;
			sourceTree = "<group>";
		};
		36A622F324AF288A00B22D1F /* Common */ = {
			isa = PBXGroup;
			children = (
				36A622F424AF289300B22D1F /* Error.swift */,
				36A622F624AF4CB700B22D1F /* LoadingView.swift */,
			);
			path = Common;
			sourceTree = "<group>";
		};
/* End PBXGroup section */

/* Begin PBXNativeTarget section */
		36A622B324ADF65E00B22D1F /* Tinkoff News */ = {
			isa = PBXNativeTarget;
			buildConfigurationList = 36A622C824ADF65F00B22D1F /* Build configuration list for PBXNativeTarget "Tinkoff News" */;
			buildPhases = (
				36A622B024ADF65E00B22D1F /* Sources */,
				36A622B124ADF65E00B22D1F /* Frameworks */,
				36A622B224ADF65E00B22D1F /* Resources */,
			);
			buildRules = (
			);
			dependencies = (
			);
			name = "Tinkoff News";
			productName = "Tinkoff News";
			productReference = 36A622B424ADF65E00B22D1F /* Tinkoff News.app */;
			productType = "com.apple.product-type.application";
		};
/* End PBXNativeTarget section */

/* Begin PBXProject section */
		36A622AC24ADF65E00B22D1F /* Project object */ = {
			isa = PBXProject;
			attributes = {
				LastSwiftUpdateCheck = 1150;
				LastUpgradeCheck = 1150;
				ORGANIZATIONNAME = "Артем Соболев";
				TargetAttributes = {
					36A622B324ADF65E00B22D1F = {
						CreatedOnToolsVersion = 11.5;
					};
				};
			};
			buildConfigurationList = 36A622AF24ADF65E00B22D1F /* Build configuration list for PBXProject "Tinkoff News" */;
			compatibilityVersion = "Xcode 9.3";
			developmentRegion = en;
			hasScannedForEncodings = 0;
			knownRegions = (
				en,
				Base,
			);
			mainGroup = 36A622AB24ADF65E00B22D1F;
			productRefGroup = 36A622B524ADF65E00B22D1F /* Products */;
			projectDirPath = "";
			projectRoot = "";
			targets = (
				36A622B324ADF65E00B22D1F /* Tinkoff News */,
			);
		};
/* End PBXProject section */

/* Begin PBXResourcesBuildPhase section */
		36A622B224ADF65E00B22D1F /* Resources */ = {
			isa = PBXResourcesBuildPhase;
			buildActionMask = 2147483647;
			files = (
				36A622C424ADF65F00B22D1F /* LaunchScreen.storyboard in Resources */,
				36A622C124ADF65F00B22D1F /* Assets.xcassets in Resources */,
			);
			runOnlyForDeploymentPostprocessing = 0;
		};
/* End PBXResourcesBuildPhase section */

/* Begin PBXSourcesBuildPhase section */
		36A622B024ADF65E00B22D1F /* Sources */ = {
			isa = PBXSourcesBuildPhase;
			buildActionMask = 2147483647;
			files = (
				36A622F524AF289300B22D1F /* Error.swift in Sources */,
				36A622E624AE1F7800B22D1F /* NewsTitlesViewModelProtocol.swift in Sources */,
				36A622ED24AE2F9700B22D1F /* NewsTitlesViewFactory.swift in Sources */,
				36A622D024ADFB2D00B22D1F /* NetworkClient.swift in Sources */,
				36A622CE24ADFA9400B22D1F /* NetworkClientProtocol.swift in Sources */,
				36A622F724AF4CB700B22D1F /* LoadingView.swift in Sources */,
				36A622E424AE14B500B22D1F /* NewsTitlesCell.swift in Sources */,
				36A622EA24AE22AF00B22D1F /* NewsTitlesInteractor.swift in Sources */,
				36A622B824ADF65E00B22D1F /* AppDelegate.swift in Sources */,
				36A622E824AE21A900B22D1F /* NewsTitlesResponse.swift in Sources */,
				36A622DA24AE116300B22D1F /* NewsTitlesViewModel.swift in Sources */,
				36A622DD24AE119100B22D1F /* NewsTitlesInteractorProtocol.swift in Sources */,
				36A622E224AE139E00B22D1F /* NewsTitlesSection.swift in Sources */,
				36A622E024AE132C00B22D1F /* NewsTitle.swift in Sources */,
				36A622D824AE113C00B22D1F /* NewsTitlesViewController.swift in Sources */,
				36A622BA24ADF65E00B22D1F /* SceneDelegate.swift in Sources */,
			);
			runOnlyForDeploymentPostprocessing = 0;
		};
/* End PBXSourcesBuildPhase section */

/* Begin PBXVariantGroup section */
		36A622C224ADF65F00B22D1F /* LaunchScreen.storyboard */ = {
			isa = PBXVariantGroup;
			children = (
				36A622C324ADF65F00B22D1F /* Base */,
			);
			name = LaunchScreen.storyboard;
			sourceTree = "<group>";
		};
/* End PBXVariantGroup section */

/* Begin XCBuildConfiguration section */
		36A622C624ADF65F00B22D1F /* Debug */ = {
			isa = XCBuildConfiguration;
			buildSettings = {
				ALWAYS_SEARCH_USER_PATHS = NO;
				CLANG_ANALYZER_NONNULL = YES;
				CLANG_ANALYZER_NUMBER_OBJECT_CONVERSION = YES_AGGRESSIVE;
				CLANG_CXX_LANGUAGE_STANDARD = "gnu++14";
				CLANG_CXX_LIBRARY = "libc++";
				CLANG_ENABLE_MODULES = YES;
				CLANG_ENABLE_OBJC_ARC = YES;
				CLANG_ENABLE_OBJC_WEAK = YES;
				CLANG_WARN_BLOCK_CAPTURE_AUTORELEASING = YES;
				CLANG_WARN_BOOL_CONVERSION = YES;
				CLANG_WARN_COMMA = YES;
				CLANG_WARN_CONSTANT_CONVERSION = YES;
				CLANG_WARN_DEPRECATED_OBJC_IMPLEMENTATIONS = YES;
				CLANG_WARN_DIRECT_OBJC_ISA_USAGE = YES_ERROR;
				CLANG_WARN_DOCUMENTATION_COMMENTS = YES;
				CLANG_WARN_EMPTY_BODY = YES;
				CLANG_WARN_ENUM_CONVERSION = YES;
				CLANG_WARN_INFINITE_RECURSION = YES;
				CLANG_WARN_INT_CONVERSION = YES;
				CLANG_WARN_NON_LITERAL_NULL_CONVERSION = YES;
				CLANG_WARN_OBJC_IMPLICIT_RETAIN_SELF = YES;
				CLANG_WARN_OBJC_LITERAL_CONVERSION = YES;
				CLANG_WARN_OBJC_ROOT_CLASS = YES_ERROR;
				CLANG_WARN_RANGE_LOOP_ANALYSIS = YES;
				CLANG_WARN_STRICT_PROTOTYPES = YES;
				CLANG_WARN_SUSPICIOUS_MOVE = YES;
				CLANG_WARN_UNGUARDED_AVAILABILITY = YES_AGGRESSIVE;
				CLANG_WARN_UNREACHABLE_CODE = YES;
				CLANG_WARN__DUPLICATE_METHOD_MATCH = YES;
				COPY_PHASE_STRIP = NO;
				DEBUG_INFORMATION_FORMAT = dwarf;
				ENABLE_STRICT_OBJC_MSGSEND = YES;
				ENABLE_TESTABILITY = YES;
				GCC_C_LANGUAGE_STANDARD = gnu11;
				GCC_DYNAMIC_NO_PIC = NO;
				GCC_NO_COMMON_BLOCKS = YES;
				GCC_OPTIMIZATION_LEVEL = 0;
				GCC_PREPROCESSOR_DEFINITIONS = (
					"DEBUG=1",
					"$(inherited)",
				);
				GCC_WARN_64_TO_32_BIT_CONVERSION = YES;
				GCC_WARN_ABOUT_RETURN_TYPE = YES_ERROR;
				GCC_WARN_UNDECLARED_SELECTOR = YES;
				GCC_WARN_UNINITIALIZED_AUTOS = YES_AGGRESSIVE;
				GCC_WARN_UNUSED_FUNCTION = YES;
				GCC_WARN_UNUSED_VARIABLE = YES;
				IPHONEOS_DEPLOYMENT_TARGET = 13.5;
				MTL_ENABLE_DEBUG_INFO = INCLUDE_SOURCE;
				MTL_FAST_MATH = YES;
				ONLY_ACTIVE_ARCH = YES;
				SDKROOT = iphoneos;
				SWIFT_ACTIVE_COMPILATION_CONDITIONS = DEBUG;
				SWIFT_OPTIMIZATION_LEVEL = "-Onone";
			};
			name = Debug;
		};
		36A622C724ADF65F00B22D1F /* Release */ = {
			isa = XCBuildConfiguration;
			buildSettings = {
				ALWAYS_SEARCH_USER_PATHS = NO;
				CLANG_ANALYZER_NONNULL = YES;
				CLANG_ANALYZER_NUMBER_OBJECT_CONVERSION = YES_AGGRESSIVE;
				CLANG_CXX_LANGUAGE_STANDARD = "gnu++14";
				CLANG_CXX_LIBRARY = "libc++";
				CLANG_ENABLE_MODULES = YES;
				CLANG_ENABLE_OBJC_ARC = YES;
				CLANG_ENABLE_OBJC_WEAK = YES;
				CLANG_WARN_BLOCK_CAPTURE_AUTORELEASING = YES;
				CLANG_WARN_BOOL_CONVERSION = YES;
				CLANG_WARN_COMMA = YES;
				CLANG_WARN_CONSTANT_CONVERSION = YES;
				CLANG_WARN_DEPRECATED_OBJC_IMPLEMENTATIONS = YES;
				CLANG_WARN_DIRECT_OBJC_ISA_USAGE = YES_ERROR;
				CLANG_WARN_DOCUMENTATION_COMMENTS = YES;
				CLANG_WARN_EMPTY_BODY = YES;
				CLANG_WARN_ENUM_CONVERSION = YES;
				CLANG_WARN_INFINITE_RECURSION = YES;
				CLANG_WARN_INT_CONVERSION = YES;
				CLANG_WARN_NON_LITERAL_NULL_CONVERSION = YES;
				CLANG_WARN_OBJC_IMPLICIT_RETAIN_SELF = YES;
				CLANG_WARN_OBJC_LITERAL_CONVERSION = YES;
				CLANG_WARN_OBJC_ROOT_CLASS = YES_ERROR;
				CLANG_WARN_RANGE_LOOP_ANALYSIS = YES;
				CLANG_WARN_STRICT_PROTOTYPES = YES;
				CLANG_WARN_SUSPICIOUS_MOVE = YES;
				CLANG_WARN_UNGUARDED_AVAILABILITY = YES_AGGRESSIVE;
				CLANG_WARN_UNREACHABLE_CODE = YES;
				CLANG_WARN__DUPLICATE_METHOD_MATCH = YES;
				COPY_PHASE_STRIP = NO;
				DEBUG_INFORMATION_FORMAT = "dwarf-with-dsym";
				ENABLE_NS_ASSERTIONS = NO;
				ENABLE_STRICT_OBJC_MSGSEND = YES;
				GCC_C_LANGUAGE_STANDARD = gnu11;
				GCC_NO_COMMON_BLOCKS = YES;
				GCC_WARN_64_TO_32_BIT_CONVERSION = YES;
				GCC_WARN_ABOUT_RETURN_TYPE = YES_ERROR;
				GCC_WARN_UNDECLARED_SELECTOR = YES;
				GCC_WARN_UNINITIALIZED_AUTOS = YES_AGGRESSIVE;
				GCC_WARN_UNUSED_FUNCTION = YES;
				GCC_WARN_UNUSED_VARIABLE = YES;
				IPHONEOS_DEPLOYMENT_TARGET = 13.5;
				MTL_ENABLE_DEBUG_INFO = NO;
				MTL_FAST_MATH = YES;
				SDKROOT = iphoneos;
				SWIFT_COMPILATION_MODE = wholemodule;
				SWIFT_OPTIMIZATION_LEVEL = "-O";
				VALIDATE_PRODUCT = YES;
			};
			name = Release;
		};
		36A622C924ADF65F00B22D1F /* Debug */ = {
			isa = XCBuildConfiguration;
			buildSettings = {
				ASSETCATALOG_COMPILER_APPICON_NAME = AppIcon;
				CODE_SIGN_STYLE = Automatic;
				INFOPLIST_FILE = "Tinkoff News/Info.plist";
				IPHONEOS_DEPLOYMENT_TARGET = 13.1;
				LD_RUNPATH_SEARCH_PATHS = (
					"$(inherited)",
					"@executable_path/Frameworks",
				);
				PRODUCT_BUNDLE_IDENTIFIER = "ru.temasb.Tinkoff-News";
				PRODUCT_NAME = "$(TARGET_NAME)";
				SWIFT_VERSION = 5.0;
				TARGETED_DEVICE_FAMILY = "1,2";
			};
			name = Debug;
		};
		36A622CA24ADF65F00B22D1F /* Release */ = {
			isa = XCBuildConfiguration;
			buildSettings = {
				ASSETCATALOG_COMPILER_APPICON_NAME = AppIcon;
				CODE_SIGN_STYLE = Automatic;
				INFOPLIST_FILE = "Tinkoff News/Info.plist";
				IPHONEOS_DEPLOYMENT_TARGET = 13.1;
				LD_RUNPATH_SEARCH_PATHS = (
					"$(inherited)",
					"@executable_path/Frameworks",
				);
				PRODUCT_BUNDLE_IDENTIFIER = "ru.temasb.Tinkoff-News";
				PRODUCT_NAME = "$(TARGET_NAME)";
				SWIFT_VERSION = 5.0;
				TARGETED_DEVICE_FAMILY = "1,2";
			};
			name = Release;
		};
/* End XCBuildConfiguration section */

/* Begin XCConfigurationList section */
		36A622AF24ADF65E00B22D1F /* Build configuration list for PBXProject "Tinkoff News" */ = {
			isa = XCConfigurationList;
			buildConfigurations = (
				36A622C624ADF65F00B22D1F /* Debug */,
				36A622C724ADF65F00B22D1F /* Release */,
			);
			defaultConfigurationIsVisible = 0;
			defaultConfigurationName = Release;
		};
		36A622C824ADF65F00B22D1F /* Build configuration list for PBXNativeTarget "Tinkoff News" */ = {
			isa = XCConfigurationList;
			buildConfigurations = (
				36A622C924ADF65F00B22D1F /* Debug */,
				36A622CA24ADF65F00B22D1F /* Release */,
			);
			defaultConfigurationIsVisible = 0;
			defaultConfigurationName = Release;
		};
/* End XCConfigurationList section */
	};
	rootObject = 36A622AC24ADF65E00B22D1F /* Project object */;
}
